
Microsoft Visual Studio Solution File, Format Version 12.00
# Visual Studio 15
Project("{FAE04EC0-301F-11D3-BF4B-00C04F79EFBC}") = "Xamarin.Forms.PancakeView.Multi", "Xamarin.Forms.PancakeView.Multi.csproj", "{FE8787AA-B794-423F-BC6A-47E35901953C}"
EndProject
Global
	GlobalSection(SolutionConfigurationPlatforms) = preSolution
		Debug|Any CPU = Debug|Any CPU
		Release|Any CPU = Release|Any CPU
	EndGlobalSection
	GlobalSection(ProjectConfigurationPlatforms) = postSolution
		{FE8787AA-B794-423F-BC6A-47E35901953C}.Debug|Any CPU.ActiveCfg = Debug|Any CPU
		{FE8787AA-B794-423F-BC6A-47E35901953C}.Debug|Any CPU.Build.0 = Debug|Any CPU
		{FE8787AA-B794-423F-BC6A-47E35901953C}.Release|Any CPU.ActiveCfg = Release|Any CPU
		{FE8787AA-B794-423F-BC6A-47E35901953C}.Release|Any CPU.Build.0 = Release|Any CPU
	EndGlobalSection
EndGlobal
