
Microsoft Visual Studio Solution File, Format Version 12.00
# Visual Studio 15
Project("{FAE04EC0-301F-11D3-BF4B-00C04F79EFBC}") = "Xamarin.Forms.PancakeView.Multi", "Xamarin.Forms.PancakeView.Multi.csproj", "{A71432C3-3221-4EE1-8390-D2B3032E8B29}"
EndProject
Global
	GlobalSection(SolutionConfigurationPlatforms) = preSolution
		Debug|Any CPU = Debug|Any CPU
		Release|Any CPU = Release|Any CPU
	EndGlobalSection
	GlobalSection(ProjectConfigurationPlatforms) = postSolution
		{A71432C3-3221-4EE1-8390-D2B3032E8B29}.Debug|Any CPU.ActiveCfg = Debug|Any CPU
		{A71432C3-3221-4EE1-8390-D2B3032E8B29}.Debug|Any CPU.Build.0 = Debug|Any CPU
		{A71432C3-3221-4EE1-8390-D2B3032E8B29}.Release|Any CPU.ActiveCfg = Release|Any CPU
		{A71432C3-3221-4EE1-8390-D2B3032E8B29}.Release|Any CPU.Build.0 = Release|Any CPU
	EndGlobalSection
EndGlobal
