
Microsoft Visual Studio Solution File, Format Version 12.00
# Visual Studio 15
Project("{2150E333-8FDC-42A3-9474-1A3956D46DE8}") = "Source", "Source", "{DB2232B2-90AB-47FF-93B1-1E2BF0BCF26C}"
EndProject
Project("{FAE04EC0-301F-11D3-BF4B-00C04F79EFBC}") = "Xamarin.Forms.PancakeView.iOS", "Xamarin.Forms.PancakeView.iOS\Xamarin.Forms.PancakeView.iOS.csproj", "{233B9E0E-6270-4E6C-8300-FFF8B5A04E15}"
EndProject
Project("{FAE04EC0-301F-11D3-BF4B-00C04F79EFBC}") = "Xamarin.Forms.PancakeView", "Xamarin.Forms.PancakeView\Xamarin.Forms.PancakeView.csproj", "{1451F827-437A-40F5-A9D5-1B04455F5887}"
EndProject
Project("{FAE04EC0-301F-11D3-BF4B-00C04F79EFBC}") = "Xamarin.Forms.PancakeView.Droid", "Xamarin.Forms.PancakeView.Droid\Xamarin.Forms.PancakeView.Droid.csproj", "{84969EF0-5581-40A8-B13C-975B9DD25568}"
EndProject
Global
	GlobalSection(SolutionConfigurationPlatforms) = preSolution
		Debug|Any CPU = Debug|Any CPU
		Release|Any CPU = Release|Any CPU
		Debug|iPhoneSimulator = Debug|iPhoneSimulator
		Release|iPhoneSimulator = Release|iPhoneSimulator
		Debug|iPhone = Debug|iPhone
		Release|iPhone = Release|iPhone
		Ad-Hoc|iPhone = Ad-Hoc|iPhone
		AppStore|iPhone = AppStore|iPhone
	EndGlobalSection
	GlobalSection(ProjectConfigurationPlatforms) = postSolution
		{233B9E0E-6270-4E6C-8300-FFF8B5A04E15}.Debug|Any CPU.ActiveCfg = Debug|Any CPU
		{233B9E0E-6270-4E6C-8300-FFF8B5A04E15}.Debug|Any CPU.Build.0 = Debug|Any CPU
		{233B9E0E-6270-4E6C-8300-FFF8B5A04E15}.Release|Any CPU.ActiveCfg = Release|Any CPU
		{233B9E0E-6270-4E6C-8300-FFF8B5A04E15}.Release|Any CPU.Build.0 = Release|Any CPU
		{233B9E0E-6270-4E6C-8300-FFF8B5A04E15}.Debug|iPhoneSimulator.ActiveCfg = Debug|Any CPU
		{233B9E0E-6270-4E6C-8300-FFF8B5A04E15}.Debug|iPhoneSimulator.Build.0 = Debug|Any CPU
		{233B9E0E-6270-4E6C-8300-FFF8B5A04E15}.Release|iPhoneSimulator.ActiveCfg = Release|Any CPU
		{233B9E0E-6270-4E6C-8300-FFF8B5A04E15}.Release|iPhoneSimulator.Build.0 = Release|Any CPU
		{233B9E0E-6270-4E6C-8300-FFF8B5A04E15}.Debug|iPhone.ActiveCfg = Debug|Any CPU
		{233B9E0E-6270-4E6C-8300-FFF8B5A04E15}.Debug|iPhone.Build.0 = Debug|Any CPU
		{233B9E0E-6270-4E6C-8300-FFF8B5A04E15}.Release|iPhone.ActiveCfg = Release|Any CPU
		{233B9E0E-6270-4E6C-8300-FFF8B5A04E15}.Release|iPhone.Build.0 = Release|Any CPU
		{233B9E0E-6270-4E6C-8300-FFF8B5A04E15}.Ad-Hoc|iPhone.ActiveCfg = Debug|Any CPU
		{233B9E0E-6270-4E6C-8300-FFF8B5A04E15}.Ad-Hoc|iPhone.Build.0 = Debug|Any CPU
		{233B9E0E-6270-4E6C-8300-FFF8B5A04E15}.AppStore|iPhone.ActiveCfg = Debug|Any CPU
		{233B9E0E-6270-4E6C-8300-FFF8B5A04E15}.AppStore|iPhone.Build.0 = Debug|Any CPU
		{1451F827-437A-40F5-A9D5-1B04455F5887}.Debug|Any CPU.ActiveCfg = Debug|Any CPU
		{1451F827-437A-40F5-A9D5-1B04455F5887}.Debug|Any CPU.Build.0 = Debug|Any CPU
		{1451F827-437A-40F5-A9D5-1B04455F5887}.Release|Any CPU.ActiveCfg = Release|Any CPU
		{1451F827-437A-40F5-A9D5-1B04455F5887}.Release|Any CPU.Build.0 = Release|Any CPU
		{1451F827-437A-40F5-A9D5-1B04455F5887}.Debug|iPhoneSimulator.ActiveCfg = Debug|Any CPU
		{1451F827-437A-40F5-A9D5-1B04455F5887}.Debug|iPhoneSimulator.Build.0 = Debug|Any CPU
		{1451F827-437A-40F5-A9D5-1B04455F5887}.Release|iPhoneSimulator.ActiveCfg = Release|Any CPU
		{1451F827-437A-40F5-A9D5-1B04455F5887}.Release|iPhoneSimulator.Build.0 = Release|Any CPU
		{1451F827-437A-40F5-A9D5-1B04455F5887}.Debug|iPhone.ActiveCfg = Debug|Any CPU
		{1451F827-437A-40F5-A9D5-1B04455F5887}.Debug|iPhone.Build.0 = Debug|Any CPU
		{1451F827-437A-40F5-A9D5-1B04455F5887}.Release|iPhone.ActiveCfg = Release|Any CPU
		{1451F827-437A-40F5-A9D5-1B04455F5887}.Release|iPhone.Build.0 = Release|Any CPU
		{1451F827-437A-40F5-A9D5-1B04455F5887}.Ad-Hoc|iPhone.ActiveCfg = Debug|Any CPU
		{1451F827-437A-40F5-A9D5-1B04455F5887}.Ad-Hoc|iPhone.Build.0 = Debug|Any CPU
		{1451F827-437A-40F5-A9D5-1B04455F5887}.AppStore|iPhone.ActiveCfg = Debug|Any CPU
		{1451F827-437A-40F5-A9D5-1B04455F5887}.AppStore|iPhone.Build.0 = Debug|Any CPU
		{84969EF0-5581-40A8-B13C-975B9DD25568}.Debug|Any CPU.ActiveCfg = Debug|Any CPU
		{84969EF0-5581-40A8-B13C-975B9DD25568}.Debug|Any CPU.Build.0 = Debug|Any CPU
		{84969EF0-5581-40A8-B13C-975B9DD25568}.Release|Any CPU.ActiveCfg = Release|Any CPU
		{84969EF0-5581-40A8-B13C-975B9DD25568}.Release|Any CPU.Build.0 = Release|Any CPU
		{84969EF0-5581-40A8-B13C-975B9DD25568}.Debug|iPhoneSimulator.ActiveCfg = Debug|Any CPU
		{84969EF0-5581-40A8-B13C-975B9DD25568}.Debug|iPhoneSimulator.Build.0 = Debug|Any CPU
		{84969EF0-5581-40A8-B13C-975B9DD25568}.Release|iPhoneSimulator.ActiveCfg = Release|Any CPU
		{84969EF0-5581-40A8-B13C-975B9DD25568}.Release|iPhoneSimulator.Build.0 = Release|Any CPU
		{84969EF0-5581-40A8-B13C-975B9DD25568}.Debug|iPhone.ActiveCfg = Debug|Any CPU
		{84969EF0-5581-40A8-B13C-975B9DD25568}.Debug|iPhone.Build.0 = Debug|Any CPU
		{84969EF0-5581-40A8-B13C-975B9DD25568}.Release|iPhone.ActiveCfg = Release|Any CPU
		{84969EF0-5581-40A8-B13C-975B9DD25568}.Release|iPhone.Build.0 = Release|Any CPU
		{84969EF0-5581-40A8-B13C-975B9DD25568}.Ad-Hoc|iPhone.ActiveCfg = Debug|Any CPU
		{84969EF0-5581-40A8-B13C-975B9DD25568}.Ad-Hoc|iPhone.Build.0 = Debug|Any CPU
		{84969EF0-5581-40A8-B13C-975B9DD25568}.AppStore|iPhone.ActiveCfg = Debug|Any CPU
		{84969EF0-5581-40A8-B13C-975B9DD25568}.AppStore|iPhone.Build.0 = Debug|Any CPU
	EndGlobalSection
	GlobalSection(NestedProjects) = preSolution
		{233B9E0E-6270-4E6C-8300-FFF8B5A04E15} = {DB2232B2-90AB-47FF-93B1-1E2BF0BCF26C}
		{1451F827-437A-40F5-A9D5-1B04455F5887} = {DB2232B2-90AB-47FF-93B1-1E2BF0BCF26C}
		{84969EF0-5581-40A8-B13C-975B9DD25568} = {DB2232B2-90AB-47FF-93B1-1E2BF0BCF26C}
	EndGlobalSection
EndGlobal
